
Microsoft Visual Studio Solution File, Format Version 12.00
# Visual Studio 14
VisualStudioVersion = 14.0.25420.1
MinimumVisualStudioVersion = 10.0.40219.1
Project("{FAE04EC0-301F-11D3-BF4B-00C04F79EFBC}") = "YazilimSinamaveTest", "YazilimSinamaveTest\YazilimSinamaveTest.csproj", "{71CEF16F-0766-4DE8-B4ED-C61A5E594D1C}"
EndProject
Project("{FAE04EC0-301F-11D3-BF4B-00C04F79EFBC}") = "YazilimSinamaveTestTests", "YazilimSinamaveTestTests\YazilimSinamaveTestTests.csproj", "{550B48B4-5DB7-4A2E-89B8-B79BCC03E747}"
EndProject
Global
	GlobalSection(SolutionConfigurationPlatforms) = preSolution
		Debug|Any CPU = Debug|Any CPU
		Release|Any CPU = Release|Any CPU
	EndGlobalSection
	GlobalSection(ProjectConfigurationPlatforms) = postSolution
		{71CEF16F-0766-4DE8-B4ED-C61A5E594D1C}.Debug|Any CPU.ActiveCfg = Debug|Any CPU
		{71CEF16F-0766-4DE8-B4ED-C61A5E594D1C}.Debug|Any CPU.Build.0 = Debug|Any CPU
		{71CEF16F-0766-4DE8-B4ED-C61A5E594D1C}.Release|Any CPU.ActiveCfg = Release|Any CPU
		{71CEF16F-0766-4DE8-B4ED-C61A5E594D1C}.Release|Any CPU.Build.0 = Release|Any CPU
		{550B48B4-5DB7-4A2E-89B8-B79BCC03E747}.Debug|Any CPU.ActiveCfg = Debug|Any CPU
		{550B48B4-5DB7-4A2E-89B8-B79BCC03E747}.Debug|Any CPU.Build.0 = Debug|Any CPU
		{550B48B4-5DB7-4A2E-89B8-B79BCC03E747}.Release|Any CPU.ActiveCfg = Release|Any CPU
		{550B48B4-5DB7-4A2E-89B8-B79BCC03E747}.Release|Any CPU.Build.0 = Release|Any CPU
	EndGlobalSection
	GlobalSection(SolutionProperties) = preSolution
		HideSolutionNode = FALSE
	EndGlobalSection
EndGlobal
